// !$*UTF8*$!
{
	archiveVersion = 1;
	classes = {
	};
	objectVersion = 46;
	objects = {

/* Begin PBXBuildFile section */
		545780352C33ECFA9597E298 /* Pods_TDDExampleTestsQuick.framework in Frameworks */ = {isa = PBXBuildFile; fileRef = 7FF46768E7155F4D88822D24 /* Pods_TDDExampleTestsQuick.framework */; };
		CE2E98D31EF6DEF800EB9C47 /* AppDelegate.swift in Sources */ = {isa = PBXBuildFile; fileRef = CE2E98D21EF6DEF800EB9C47 /* AppDelegate.swift */; };
		CE2E98D51EF6DEF800EB9C47 /* ViewController.swift in Sources */ = {isa = PBXBuildFile; fileRef = CE2E98D41EF6DEF800EB9C47 /* ViewController.swift */; };
		CE2E98D81EF6DEF800EB9C47 /* Main.storyboard in Resources */ = {isa = PBXBuildFile; fileRef = CE2E98D61EF6DEF800EB9C47 /* Main.storyboard */; };
		CE2E98DA1EF6DEF800EB9C47 /* Assets.xcassets in Resources */ = {isa = PBXBuildFile; fileRef = CE2E98D91EF6DEF800EB9C47 /* Assets.xcassets */; };
		CE2E98DD1EF6DEF800EB9C47 /* LaunchScreen.storyboard in Resources */ = {isa = PBXBuildFile; fileRef = CE2E98DB1EF6DEF800EB9C47 /* LaunchScreen.storyboard */; };
		CE2E98E81EF6DEF800EB9C47 /* UserLoginTests.swift in Sources */ = {isa = PBXBuildFile; fileRef = CE2E98E71EF6DEF800EB9C47 /* UserLoginTests.swift */; };
		CE2E98FA1EF6E2B000EB9C47 /* UserLoginSpec.swift in Sources */ = {isa = PBXBuildFile; fileRef = CE2E98F91EF6E2B000EB9C47 /* UserLoginSpec.swift */; };
		CE2E99081EF6F76800EB9C47 /* Defines.swift in Sources */ = {isa = PBXBuildFile; fileRef = CE2E99071EF6F76800EB9C47 /* Defines.swift */; };
		CE2E990C1EF6FE8300EB9C47 /* UserService.swift in Sources */ = {isa = PBXBuildFile; fileRef = CE2E990B1EF6FE8300EB9C47 /* UserService.swift */; };
		CE2E990E1EF6FE9600EB9C47 /* User.swift in Sources */ = {isa = PBXBuildFile; fileRef = CE2E990D1EF6FE9600EB9C47 /* User.swift */; };
		F3E82B9F10BF124B8279AC50 /* Pods_TDDExample.framework in Frameworks */ = {isa = PBXBuildFile; fileRef = 359245DAD5341467766A3DA7 /* Pods_TDDExample.framework */; };
/* End PBXBuildFile section */

/* Begin PBXContainerItemProxy section */
		CE2E98E41EF6DEF800EB9C47 /* PBXContainerItemProxy */ = {
			isa = PBXContainerItemProxy;
			containerPortal = CE2E98C71EF6DEF800EB9C47 /* Project object */;
			proxyType = 1;
			remoteGlobalIDString = CE2E98CE1EF6DEF800EB9C47;
			remoteInfo = TDDExample;
		};
		CE2E98FC1EF6E2B000EB9C47 /* PBXContainerItemProxy */ = {
			isa = PBXContainerItemProxy;
			containerPortal = CE2E98C71EF6DEF800EB9C47 /* Project object */;
			proxyType = 1;
			remoteGlobalIDString = CE2E98CE1EF6DEF800EB9C47;
			remoteInfo = TDDExample;
		};
/* End PBXContainerItemProxy section */

/* Begin PBXFileReference section */
		309C420E471FA743B1E186DB /* Pods-TDDExampleTestsQuick.debug.xcconfig */ = {isa = PBXFileReference; includeInIndex = 1; lastKnownFileType = text.xcconfig; name = "Pods-TDDExampleTestsQuick.debug.xcconfig"; path = "Pods/Target Support Files/Pods-TDDExampleTestsQuick/Pods-TDDExampleTestsQuick.debug.xcconfig"; sourceTree = "<group>"; };
		359245DAD5341467766A3DA7 /* Pods_TDDExample.framework */ = {isa = PBXFileReference; explicitFileType = wrapper.framework; includeInIndex = 0; path = Pods_TDDExample.framework; sourceTree = BUILT_PRODUCTS_DIR; };
		448C9C29A0E9785A96FE6BF4 /* Pods-TDDExample.debug.xcconfig */ = {isa = PBXFileReference; includeInIndex = 1; lastKnownFileType = text.xcconfig; name = "Pods-TDDExample.debug.xcconfig"; path = "Pods/Target Support Files/Pods-TDDExample/Pods-TDDExample.debug.xcconfig"; sourceTree = "<group>"; };
		7FF46768E7155F4D88822D24 /* Pods_TDDExampleTestsQuick.framework */ = {isa = PBXFileReference; explicitFileType = wrapper.framework; includeInIndex = 0; path = Pods_TDDExampleTestsQuick.framework; sourceTree = BUILT_PRODUCTS_DIR; };
		CE2E98CF1EF6DEF800EB9C47 /* TDDExample.app */ = {isa = PBXFileReference; explicitFileType = wrapper.application; includeInIndex = 0; path = TDDExample.app; sourceTree = BUILT_PRODUCTS_DIR; };
		CE2E98D21EF6DEF800EB9C47 /* AppDelegate.swift */ = {isa = PBXFileReference; lastKnownFileType = sourcecode.swift; path = AppDelegate.swift; sourceTree = "<group>"; };
		CE2E98D41EF6DEF800EB9C47 /* ViewController.swift */ = {isa = PBXFileReference; lastKnownFileType = sourcecode.swift; path = ViewController.swift; sourceTree = "<group>"; };
		CE2E98D71EF6DEF800EB9C47 /* Base */ = {isa = PBXFileReference; lastKnownFileType = file.storyboard; name = Base; path = Base.lproj/Main.storyboard; sourceTree = "<group>"; };
		CE2E98D91EF6DEF800EB9C47 /* Assets.xcassets */ = {isa = PBXFileReference; lastKnownFileType = folder.assetcatalog; path = Assets.xcassets; sourceTree = "<group>"; };
		CE2E98DC1EF6DEF800EB9C47 /* Base */ = {isa = PBXFileReference; lastKnownFileType = file.storyboard; name = Base; path = Base.lproj/LaunchScreen.storyboard; sourceTree = "<group>"; };
		CE2E98DE1EF6DEF800EB9C47 /* Info.plist */ = {isa = PBXFileReference; lastKnownFileType = text.plist.xml; path = Info.plist; sourceTree = "<group>"; };
		CE2E98E31EF6DEF800EB9C47 /* TDDExampleTests.xctest */ = {isa = PBXFileReference; explicitFileType = wrapper.cfbundle; includeInIndex = 0; path = TDDExampleTests.xctest; sourceTree = BUILT_PRODUCTS_DIR; };
		CE2E98E71EF6DEF800EB9C47 /* UserLoginTests.swift */ = {isa = PBXFileReference; lastKnownFileType = sourcecode.swift; path = UserLoginTests.swift; sourceTree = "<group>"; };
		CE2E98E91EF6DEF800EB9C47 /* Info.plist */ = {isa = PBXFileReference; lastKnownFileType = text.plist.xml; path = Info.plist; sourceTree = "<group>"; };
		CE2E98F21EF6DFE700EB9C47 /* README.md */ = {isa = PBXFileReference; lastKnownFileType = net.daringfireball.markdown; path = README.md; sourceTree = "<group>"; };
		CE2E98F71EF6E2B000EB9C47 /* TDDExampleTestsQuick.xctest */ = {isa = PBXFileReference; explicitFileType = wrapper.cfbundle; includeInIndex = 0; path = TDDExampleTestsQuick.xctest; sourceTree = BUILT_PRODUCTS_DIR; };
		CE2E98F91EF6E2B000EB9C47 /* UserLoginSpec.swift */ = {isa = PBXFileReference; lastKnownFileType = sourcecode.swift; path = UserLoginSpec.swift; sourceTree = "<group>"; };
		CE2E98FB1EF6E2B000EB9C47 /* Info.plist */ = {isa = PBXFileReference; lastKnownFileType = text.plist.xml; path = Info.plist; sourceTree = "<group>"; };
		CE2E99011EF6E62000EB9C47 /* TaskList */ = {isa = PBXFileReference; lastKnownFileType = text; name = TaskList; path = Tasks/TaskList; sourceTree = "<group>"; };
		CE2E99071EF6F76800EB9C47 /* Defines.swift */ = {isa = PBXFileReference; fileEncoding = 4; lastKnownFileType = sourcecode.swift; path = Defines.swift; sourceTree = "<group>"; };
		CE2E990B1EF6FE8300EB9C47 /* UserService.swift */ = {isa = PBXFileReference; fileEncoding = 4; lastKnownFileType = sourcecode.swift; name = UserService.swift; path = Services/UserService.swift; sourceTree = "<group>"; };
		CE2E990D1EF6FE9600EB9C47 /* User.swift */ = {isa = PBXFileReference; fileEncoding = 4; lastKnownFileType = sourcecode.swift; name = User.swift; path = Model/User.swift; sourceTree = "<group>"; };
		CF2FB8E272F4E16D79DAFFCA /* Pods-TDDExampleTestsQuick.release.xcconfig */ = {isa = PBXFileReference; includeInIndex = 1; lastKnownFileType = text.xcconfig; name = "Pods-TDDExampleTestsQuick.release.xcconfig"; path = "Pods/Target Support Files/Pods-TDDExampleTestsQuick/Pods-TDDExampleTestsQuick.release.xcconfig"; sourceTree = "<group>"; };
		E4FCB3E5A5308CD998C444B0 /* Pods-TDDExample.release.xcconfig */ = {isa = PBXFileReference; includeInIndex = 1; lastKnownFileType = text.xcconfig; name = "Pods-TDDExample.release.xcconfig"; path = "Pods/Target Support Files/Pods-TDDExample/Pods-TDDExample.release.xcconfig"; sourceTree = "<group>"; };
/* End PBXFileReference section */

/* Begin PBXFrameworksBuildPhase section */
		CE2E98CC1EF6DEF800EB9C47 /* Frameworks */ = {
			isa = PBXFrameworksBuildPhase;
			buildActionMask = 2147483647;
			files = (
				F3E82B9F10BF124B8279AC50 /* Pods_TDDExample.framework in Frameworks */,
			);
			runOnlyForDeploymentPostprocessing = 0;
		};
		CE2E98E01EF6DEF800EB9C47 /* Frameworks */ = {
			isa = PBXFrameworksBuildPhase;
			buildActionMask = 2147483647;
			files = (
			);
			runOnlyForDeploymentPostprocessing = 0;
		};
		CE2E98F41EF6E2B000EB9C47 /* Frameworks */ = {
			isa = PBXFrameworksBuildPhase;
			buildActionMask = 2147483647;
			files = (
				545780352C33ECFA9597E298 /* Pods_TDDExampleTestsQuick.framework in Frameworks */,
			);
			runOnlyForDeploymentPostprocessing = 0;
		};
/* End PBXFrameworksBuildPhase section */

/* Begin PBXGroup section */
		08075E69ADEE37416DCAFF9F /* Pods */ = {
			isa = PBXGroup;
			children = (
				309C420E471FA743B1E186DB /* Pods-TDDExampleTestsQuick.debug.xcconfig */,
				CF2FB8E272F4E16D79DAFFCA /* Pods-TDDExampleTestsQuick.release.xcconfig */,
				448C9C29A0E9785A96FE6BF4 /* Pods-TDDExample.debug.xcconfig */,
				E4FCB3E5A5308CD998C444B0 /* Pods-TDDExample.release.xcconfig */,
			);
			name = Pods;
			sourceTree = "<group>";
		};
		55CA98F92F2C1673345ADE09 /* Frameworks */ = {
			isa = PBXGroup;
			children = (
				7FF46768E7155F4D88822D24 /* Pods_TDDExampleTestsQuick.framework */,
				359245DAD5341467766A3DA7 /* Pods_TDDExample.framework */,
			);
			name = Frameworks;
			sourceTree = "<group>";
		};
		CE2E98C61EF6DEF800EB9C47 = {
			isa = PBXGroup;
			children = (
				CE2E99011EF6E62000EB9C47 /* TaskList */,
				CE2E98F21EF6DFE700EB9C47 /* README.md */,
				CE2E98D11EF6DEF800EB9C47 /* TDDExample */,
				CE2E98E61EF6DEF800EB9C47 /* TDDExampleTests */,
				CE2E98F81EF6E2B000EB9C47 /* TDDExampleTestsQuick */,
				CE2E98D01EF6DEF800EB9C47 /* Products */,
				08075E69ADEE37416DCAFF9F /* Pods */,
				55CA98F92F2C1673345ADE09 /* Frameworks */,
			);
			sourceTree = "<group>";
		};
		CE2E98D01EF6DEF800EB9C47 /* Products */ = {
			isa = PBXGroup;
			children = (
				CE2E98CF1EF6DEF800EB9C47 /* TDDExample.app */,
				CE2E98E31EF6DEF800EB9C47 /* TDDExampleTests.xctest */,
				CE2E98F71EF6E2B000EB9C47 /* TDDExampleTestsQuick.xctest */,
			);
			name = Products;
			sourceTree = "<group>";
		};
		CE2E98D11EF6DEF800EB9C47 /* TDDExample */ = {
			isa = PBXGroup;
			children = (
				CE2E990A1EF6FE5700EB9C47 /* Services */,
				CE2E99091EF6FE5000EB9C47 /* Model */,
				CE2E98D21EF6DEF800EB9C47 /* AppDelegate.swift */,
				CE2E98D41EF6DEF800EB9C47 /* ViewController.swift */,
				CE2E98D61EF6DEF800EB9C47 /* Main.storyboard */,
				CE2E98D91EF6DEF800EB9C47 /* Assets.xcassets */,
				CE2E98DB1EF6DEF800EB9C47 /* LaunchScreen.storyboard */,
				CE2E98DE1EF6DEF800EB9C47 /* Info.plist */,
				CE2E99071EF6F76800EB9C47 /* Defines.swift */,
			);
			path = TDDExample;
			sourceTree = "<group>";
		};
		CE2E98E61EF6DEF800EB9C47 /* TDDExampleTests */ = {
			isa = PBXGroup;
			children = (
				CE2E98E71EF6DEF800EB9C47 /* UserLoginTests.swift */,
				CE2E98E91EF6DEF800EB9C47 /* Info.plist */,
			);
			path = TDDExampleTests;
			sourceTree = "<group>";
		};
		CE2E98F81EF6E2B000EB9C47 /* TDDExampleTestsQuick */ = {
			isa = PBXGroup;
			children = (
				CE2E98F91EF6E2B000EB9C47 /* UserLoginSpec.swift */,
				CE2E98FB1EF6E2B000EB9C47 /* Info.plist */,
			);
			path = TDDExampleTestsQuick;
			sourceTree = "<group>";
		};
		CE2E99021EF6F1A600EB9C47 /* User */ = {
			isa = PBXGroup;
			children = (
				CE2E990D1EF6FE9600EB9C47 /* User.swift */,
			);
			name = User;
			sourceTree = "<group>";
		};
		CE2E99091EF6FE5000EB9C47 /* Model */ = {
			isa = PBXGroup;
			children = (
				CE2E99021EF6F1A600EB9C47 /* User */,
			);
			name = Model;
			sourceTree = "<group>";
		};
		CE2E990A1EF6FE5700EB9C47 /* Services */ = {
			isa = PBXGroup;
			children = (
				CE2E990F1EF6FED700EB9C47 /* User */,
			);
			name = Services;
			sourceTree = "<group>";
		};
		CE2E990F1EF6FED700EB9C47 /* User */ = {
			isa = PBXGroup;
			children = (
				CE2E990B1EF6FE8300EB9C47 /* UserService.swift */,
			);
			name = User;
			sourceTree = "<group>";
		};
/* End PBXGroup section */

/* Begin PBXNativeTarget section */
		CE2E98CE1EF6DEF800EB9C47 /* TDDExample */ = {
			isa = PBXNativeTarget;
			buildConfigurationList = CE2E98EC1EF6DEF800EB9C47 /* Build configuration list for PBXNativeTarget "TDDExample" */;
			buildPhases = (
				90B1AE3012A90D04191075BE /* [CP] Check Pods Manifest.lock */,
				CE2E98CB1EF6DEF800EB9C47 /* Sources */,
				CE2E98CC1EF6DEF800EB9C47 /* Frameworks */,
				CE2E98CD1EF6DEF800EB9C47 /* Resources */,
				E90669CCF869D6E148181EA6 /* [CP] Embed Pods Frameworks */,
				E85399F46F386A2CB67C1D1E /* [CP] Copy Pods Resources */,
			);
			buildRules = (
			);
			dependencies = (
			);
			name = TDDExample;
			productName = TDDExample;
			productReference = CE2E98CF1EF6DEF800EB9C47 /* TDDExample.app */;
			productType = "com.apple.product-type.application";
		};
		CE2E98E21EF6DEF800EB9C47 /* TDDExampleTests */ = {
			isa = PBXNativeTarget;
			buildConfigurationList = CE2E98EF1EF6DEF800EB9C47 /* Build configuration list for PBXNativeTarget "TDDExampleTests" */;
			buildPhases = (
				CE2E98DF1EF6DEF800EB9C47 /* Sources */,
				CE2E98E01EF6DEF800EB9C47 /* Frameworks */,
				CE2E98E11EF6DEF800EB9C47 /* Resources */,
			);
			buildRules = (
			);
			dependencies = (
				CE2E98E51EF6DEF800EB9C47 /* PBXTargetDependency */,
			);
			name = TDDExampleTests;
			productName = TDDExampleTests;
			productReference = CE2E98E31EF6DEF800EB9C47 /* TDDExampleTests.xctest */;
			productType = "com.apple.product-type.bundle.unit-test";
		};
		CE2E98F61EF6E2B000EB9C47 /* TDDExampleTestsQuick */ = {
			isa = PBXNativeTarget;
			buildConfigurationList = CE2E98FE1EF6E2B000EB9C47 /* Build configuration list for PBXNativeTarget "TDDExampleTestsQuick" */;
			buildPhases = (
				833C439D83BD0CCAF6FA9431 /* [CP] Check Pods Manifest.lock */,
				CE2E98F31EF6E2B000EB9C47 /* Sources */,
				CE2E98F41EF6E2B000EB9C47 /* Frameworks */,
				CE2E98F51EF6E2B000EB9C47 /* Resources */,
				302FA7F4A66749F0F52D3A75 /* [CP] Embed Pods Frameworks */,
				61B1D0DC3BB6A3A1E3D2134C /* [CP] Copy Pods Resources */,
			);
			buildRules = (
			);
			dependencies = (
				CE2E98FD1EF6E2B000EB9C47 /* PBXTargetDependency */,
			);
			name = TDDExampleTestsQuick;
			productName = TDDExampleTestsQuick;
			productReference = CE2E98F71EF6E2B000EB9C47 /* TDDExampleTestsQuick.xctest */;
			productType = "com.apple.product-type.bundle.unit-test";
		};
/* End PBXNativeTarget section */

/* Begin PBXProject section */
		CE2E98C71EF6DEF800EB9C47 /* Project object */ = {
			isa = PBXProject;
			attributes = {
				LastSwiftUpdateCheck = 0820;
				LastUpgradeCheck = 0820;
				ORGANIZATIONNAME = "Inloop, s.r.o";
				TargetAttributes = {
					CE2E98CE1EF6DEF800EB9C47 = {
						CreatedOnToolsVersion = 8.2.1;
						DevelopmentTeam = 4369768AU4;
						ProvisioningStyle = Automatic;
					};
					CE2E98E21EF6DEF800EB9C47 = {
						CreatedOnToolsVersion = 8.2.1;
						DevelopmentTeam = 74JL49Z2D8;
						ProvisioningStyle = Automatic;
						TestTargetID = CE2E98CE1EF6DEF800EB9C47;
					};
					CE2E98F61EF6E2B000EB9C47 = {
						CreatedOnToolsVersion = 8.2.1;
						DevelopmentTeam = 74JL49Z2D8;
						ProvisioningStyle = Automatic;
						TestTargetID = CE2E98CE1EF6DEF800EB9C47;
					};
				};
			};
			buildConfigurationList = CE2E98CA1EF6DEF800EB9C47 /* Build configuration list for PBXProject "TDDExample" */;
			compatibilityVersion = "Xcode 3.2";
			developmentRegion = English;
			hasScannedForEncodings = 0;
			knownRegions = (
				en,
				Base,
			);
			mainGroup = CE2E98C61EF6DEF800EB9C47;
			productRefGroup = CE2E98D01EF6DEF800EB9C47 /* Products */;
			projectDirPath = "";
			projectRoot = "";
			targets = (
				CE2E98CE1EF6DEF800EB9C47 /* TDDExample */,
				CE2E98E21EF6DEF800EB9C47 /* TDDExampleTests */,
				CE2E98F61EF6E2B000EB9C47 /* TDDExampleTestsQuick */,
			);
		};
/* End PBXProject section */

/* Begin PBXResourcesBuildPhase section */
		CE2E98CD1EF6DEF800EB9C47 /* Resources */ = {
			isa = PBXResourcesBuildPhase;
			buildActionMask = 2147483647;
			files = (
				CE2E98DD1EF6DEF800EB9C47 /* LaunchScreen.storyboard in Resources */,
				CE2E98DA1EF6DEF800EB9C47 /* Assets.xcassets in Resources */,
				CE2E98D81EF6DEF800EB9C47 /* Main.storyboard in Resources */,
			);
			runOnlyForDeploymentPostprocessing = 0;
		};
		CE2E98E11EF6DEF800EB9C47 /* Resources */ = {
			isa = PBXResourcesBuildPhase;
			buildActionMask = 2147483647;
			files = (
			);
			runOnlyForDeploymentPostprocessing = 0;
		};
		CE2E98F51EF6E2B000EB9C47 /* Resources */ = {
			isa = PBXResourcesBuildPhase;
			buildActionMask = 2147483647;
			files = (
			);
			runOnlyForDeploymentPostprocessing = 0;
		};
/* End PBXResourcesBuildPhase section */

/* Begin PBXShellScriptBuildPhase section */
		302FA7F4A66749F0F52D3A75 /* [CP] Embed Pods Frameworks */ = {
			isa = PBXShellScriptBuildPhase;
			buildActionMask = 2147483647;
			files = (
			);
			inputPaths = (
			);
			name = "[CP] Embed Pods Frameworks";
			outputPaths = (
			);
			runOnlyForDeploymentPostprocessing = 0;
			shellPath = /bin/sh;
			shellScript = "\"${SRCROOT}/Pods/Target Support Files/Pods-TDDExampleTestsQuick/Pods-TDDExampleTestsQuick-frameworks.sh\"\n";
			showEnvVarsInLog = 0;
		};
		61B1D0DC3BB6A3A1E3D2134C /* [CP] Copy Pods Resources */ = {
			isa = PBXShellScriptBuildPhase;
			buildActionMask = 2147483647;
			files = (
			);
			inputPaths = (
			);
			name = "[CP] Copy Pods Resources";
			outputPaths = (
			);
			runOnlyForDeploymentPostprocessing = 0;
			shellPath = /bin/sh;
			shellScript = "\"${SRCROOT}/Pods/Target Support Files/Pods-TDDExampleTestsQuick/Pods-TDDExampleTestsQuick-resources.sh\"\n";
			showEnvVarsInLog = 0;
		};
		833C439D83BD0CCAF6FA9431 /* [CP] Check Pods Manifest.lock */ = {
			isa = PBXShellScriptBuildPhase;
			buildActionMask = 2147483647;
			files = (
			);
			inputPaths = (
			);
			name = "[CP] Check Pods Manifest.lock";
			outputPaths = (
			);
			runOnlyForDeploymentPostprocessing = 0;
			shellPath = /bin/sh;
			shellScript = "diff \"${PODS_ROOT}/../Podfile.lock\" \"${PODS_ROOT}/Manifest.lock\" > /dev/null\nif [ $? != 0 ] ; then\n    # print error to STDERR\n    echo \"error: The sandbox is not in sync with the Podfile.lock. Run 'pod install' or update your CocoaPods installation.\" >&2\n    exit 1\nfi\n";
			showEnvVarsInLog = 0;
		};
		90B1AE3012A90D04191075BE /* [CP] Check Pods Manifest.lock */ = {
			isa = PBXShellScriptBuildPhase;
			buildActionMask = 2147483647;
			files = (
			);
			inputPaths = (
			);
			name = "[CP] Check Pods Manifest.lock";
			outputPaths = (
			);
			runOnlyForDeploymentPostprocessing = 0;
			shellPath = /bin/sh;
			shellScript = "diff \"${PODS_ROOT}/../Podfile.lock\" \"${PODS_ROOT}/Manifest.lock\" > /dev/null\nif [ $? != 0 ] ; then\n    # print error to STDERR\n    echo \"error: The sandbox is not in sync with the Podfile.lock. Run 'pod install' or update your CocoaPods installation.\" >&2\n    exit 1\nfi\n";
			showEnvVarsInLog = 0;
		};
		E85399F46F386A2CB67C1D1E /* [CP] Copy Pods Resources */ = {
			isa = PBXShellScriptBuildPhase;
			buildActionMask = 2147483647;
			files = (
			);
			inputPaths = (
			);
			name = "[CP] Copy Pods Resources";
			outputPaths = (
			);
			runOnlyForDeploymentPostprocessing = 0;
			shellPath = /bin/sh;
			shellScript = "\"${SRCROOT}/Pods/Target Support Files/Pods-TDDExample/Pods-TDDExample-resources.sh\"\n";
			showEnvVarsInLog = 0;
		};
		E90669CCF869D6E148181EA6 /* [CP] Embed Pods Frameworks */ = {
			isa = PBXShellScriptBuildPhase;
			buildActionMask = 2147483647;
			files = (
			);
			inputPaths = (
			);
			name = "[CP] Embed Pods Frameworks";
			outputPaths = (
			);
			runOnlyForDeploymentPostprocessing = 0;
			shellPath = /bin/sh;
			shellScript = "\"${SRCROOT}/Pods/Target Support Files/Pods-TDDExample/Pods-TDDExample-frameworks.sh\"\n";
			showEnvVarsInLog = 0;
		};
/* End PBXShellScriptBuildPhase section */

/* Begin PBXSourcesBuildPhase section */
		CE2E98CB1EF6DEF800EB9C47 /* Sources */ = {
			isa = PBXSourcesBuildPhase;
			buildActionMask = 2147483647;
			files = (
				CE2E98D51EF6DEF800EB9C47 /* ViewController.swift in Sources */,
				CE2E990C1EF6FE8300EB9C47 /* UserService.swift in Sources */,
				CE2E990E1EF6FE9600EB9C47 /* User.swift in Sources */,
				CE2E98D31EF6DEF800EB9C47 /* AppDelegate.swift in Sources */,
				CE2E99081EF6F76800EB9C47 /* Defines.swift in Sources */,
			);
			runOnlyForDeploymentPostprocessing = 0;
		};
		CE2E98DF1EF6DEF800EB9C47 /* Sources */ = {
			isa = PBXSourcesBuildPhase;
			buildActionMask = 2147483647;
			files = (
				CE2E98E81EF6DEF800EB9C47 /* UserLoginTests.swift in Sources */,
			);
			runOnlyForDeploymentPostprocessing = 0;
		};
		CE2E98F31EF6E2B000EB9C47 /* Sources */ = {
			isa = PBXSourcesBuildPhase;
			buildActionMask = 2147483647;
			files = (
				CE2E98FA1EF6E2B000EB9C47 /* UserLoginSpec.swift in Sources */,
			);
			runOnlyForDeploymentPostprocessing = 0;
		};
/* End PBXSourcesBuildPhase section */

/* Begin PBXTargetDependency section */
		CE2E98E51EF6DEF800EB9C47 /* PBXTargetDependency */ = {
			isa = PBXTargetDependency;
			target = CE2E98CE1EF6DEF800EB9C47 /* TDDExample */;
			targetProxy = CE2E98E41EF6DEF800EB9C47 /* PBXContainerItemProxy */;
		};
		CE2E98FD1EF6E2B000EB9C47 /* PBXTargetDependency */ = {
			isa = PBXTargetDependency;
			target = CE2E98CE1EF6DEF800EB9C47 /* TDDExample */;
			targetProxy = CE2E98FC1EF6E2B000EB9C47 /* PBXContainerItemProxy */;
		};
/* End PBXTargetDependency section */

/* Begin PBXVariantGroup section */
		CE2E98D61EF6DEF800EB9C47 /* Main.storyboard */ = {
			isa = PBXVariantGroup;
			children = (
				CE2E98D71EF6DEF800EB9C47 /* Base */,
			);
			name = Main.storyboard;
			sourceTree = "<group>";
		};
		CE2E98DB1EF6DEF800EB9C47 /* LaunchScreen.storyboard */ = {
			isa = PBXVariantGroup;
			children = (
				CE2E98DC1EF6DEF800EB9C47 /* Base */,
			);
			name = LaunchScreen.storyboard;
			sourceTree = "<group>";
		};
/* End PBXVariantGroup section */

/* Begin XCBuildConfiguration section */
		CE2E98EA1EF6DEF800EB9C47 /* Debug */ = {
			isa = XCBuildConfiguration;
			buildSettings = {
				ALWAYS_SEARCH_USER_PATHS = NO;
				CLANG_ANALYZER_NONNULL = YES;
				CLANG_CXX_LANGUAGE_STANDARD = "gnu++0x";
				CLANG_CXX_LIBRARY = "libc++";
				CLANG_ENABLE_MODULES = YES;
				CLANG_ENABLE_OBJC_ARC = YES;
				CLANG_WARN_BOOL_CONVERSION = YES;
				CLANG_WARN_CONSTANT_CONVERSION = YES;
				CLANG_WARN_DIRECT_OBJC_ISA_USAGE = YES_ERROR;
				CLANG_WARN_DOCUMENTATION_COMMENTS = YES;
				CLANG_WARN_EMPTY_BODY = YES;
				CLANG_WARN_ENUM_CONVERSION = YES;
				CLANG_WARN_INFINITE_RECURSION = YES;
				CLANG_WARN_INT_CONVERSION = YES;
				CLANG_WARN_OBJC_ROOT_CLASS = YES_ERROR;
				CLANG_WARN_SUSPICIOUS_MOVE = YES;
				CLANG_WARN_UNREACHABLE_CODE = YES;
				CLANG_WARN__DUPLICATE_METHOD_MATCH = YES;
				"CODE_SIGN_IDENTITY[sdk=iphoneos*]" = "iPhone Developer";
				COPY_PHASE_STRIP = NO;
				DEBUG_INFORMATION_FORMAT = dwarf;
				ENABLE_STRICT_OBJC_MSGSEND = YES;
				ENABLE_TESTABILITY = YES;
				GCC_C_LANGUAGE_STANDARD = gnu99;
				GCC_DYNAMIC_NO_PIC = NO;
				GCC_NO_COMMON_BLOCKS = YES;
				GCC_OPTIMIZATION_LEVEL = 0;
				GCC_PREPROCESSOR_DEFINITIONS = (
					"DEBUG=1",
					"$(inherited)",
				);
				GCC_WARN_64_TO_32_BIT_CONVERSION = YES;
				GCC_WARN_ABOUT_RETURN_TYPE = YES_ERROR;
				GCC_WARN_UNDECLARED_SELECTOR = YES;
				GCC_WARN_UNINITIALIZED_AUTOS = YES_AGGRESSIVE;
				GCC_WARN_UNUSED_FUNCTION = YES;
				GCC_WARN_UNUSED_VARIABLE = YES;
				IPHONEOS_DEPLOYMENT_TARGET = 10.2;
				MTL_ENABLE_DEBUG_INFO = YES;
				ONLY_ACTIVE_ARCH = YES;
				SDKROOT = iphoneos;
				SWIFT_ACTIVE_COMPILATION_CONDITIONS = DEBUG;
				SWIFT_OPTIMIZATION_LEVEL = "-Onone";
				TARGETED_DEVICE_FAMILY = "1,2";
			};
			name = Debug;
		};
		CE2E98EB1EF6DEF800EB9C47 /* Release */ = {
			isa = XCBuildConfiguration;
			buildSettings = {
				ALWAYS_SEARCH_USER_PATHS = NO;
				CLANG_ANALYZER_NONNULL = YES;
				CLANG_CXX_LANGUAGE_STANDARD = "gnu++0x";
				CLANG_CXX_LIBRARY = "libc++";
				CLANG_ENABLE_MODULES = YES;
				CLANG_ENABLE_OBJC_ARC = YES;
				CLANG_WARN_BOOL_CONVERSION = YES;
				CLANG_WARN_CONSTANT_CONVERSION = YES;
				CLANG_WARN_DIRECT_OBJC_ISA_USAGE = YES_ERROR;
				CLANG_WARN_DOCUMENTATION_COMMENTS = YES;
				CLANG_WARN_EMPTY_BODY = YES;
				CLANG_WARN_ENUM_CONVERSION = YES;
				CLANG_WARN_INFINITE_RECURSION = YES;
				CLANG_WARN_INT_CONVERSION = YES;
				CLANG_WARN_OBJC_ROOT_CLASS = YES_ERROR;
				CLANG_WARN_SUSPICIOUS_MOVE = YES;
				CLANG_WARN_UNREACHABLE_CODE = YES;
				CLANG_WARN__DUPLICATE_METHOD_MATCH = YES;
				"CODE_SIGN_IDENTITY[sdk=iphoneos*]" = "iPhone Developer";
				COPY_PHASE_STRIP = NO;
				DEBUG_INFORMATION_FORMAT = "dwarf-with-dsym";
				ENABLE_NS_ASSERTIONS = NO;
				ENABLE_STRICT_OBJC_MSGSEND = YES;
				GCC_C_LANGUAGE_STANDARD = gnu99;
				GCC_NO_COMMON_BLOCKS = YES;
				GCC_WARN_64_TO_32_BIT_CONVERSION = YES;
				GCC_WARN_ABOUT_RETURN_TYPE = YES_ERROR;
				GCC_WARN_UNDECLARED_SELECTOR = YES;
				GCC_WARN_UNINITIALIZED_AUTOS = YES_AGGRESSIVE;
				GCC_WARN_UNUSED_FUNCTION = YES;
				GCC_WARN_UNUSED_VARIABLE = YES;
				IPHONEOS_DEPLOYMENT_TARGET = 10.2;
				MTL_ENABLE_DEBUG_INFO = NO;
				SDKROOT = iphoneos;
				SWIFT_OPTIMIZATION_LEVEL = "-Owholemodule";
				TARGETED_DEVICE_FAMILY = "1,2";
				VALIDATE_PRODUCT = YES;
			};
			name = Release;
		};
		CE2E98ED1EF6DEF800EB9C47 /* Debug */ = {
			isa = XCBuildConfiguration;
			baseConfigurationReference = 448C9C29A0E9785A96FE6BF4 /* Pods-TDDExample.debug.xcconfig */;
			buildSettings = {
				ASSETCATALOG_COMPILER_APPICON_NAME = AppIcon;
				DEFINES_MODULE = YES;
				DEVELOPMENT_TEAM = 4369768AU4;
				INFOPLIST_FILE = TDDExample/Info.plist;
				LD_RUNPATH_SEARCH_PATHS = "$(inherited) @executable_path/Frameworks";
				PRODUCT_BUNDLE_IDENTIFIER = eu.inloop.TDDExample;
				PRODUCT_NAME = "$(TARGET_NAME)";
				SWIFT_VERSION = 3.0;
			};
			name = Debug;
		};
		CE2E98EE1EF6DEF800EB9C47 /* Release */ = {
			isa = XCBuildConfiguration;
			baseConfigurationReference = E4FCB3E5A5308CD998C444B0 /* Pods-TDDExample.release.xcconfig */;
			buildSettings = {
				ASSETCATALOG_COMPILER_APPICON_NAME = AppIcon;
				DEFINES_MODULE = YES;
				DEVELOPMENT_TEAM = 4369768AU4;
				INFOPLIST_FILE = TDDExample/Info.plist;
				LD_RUNPATH_SEARCH_PATHS = "$(inherited) @executable_path/Frameworks";
				PRODUCT_BUNDLE_IDENTIFIER = eu.inloop.TDDExample;
				PRODUCT_NAME = "$(TARGET_NAME)";
				SWIFT_VERSION = 3.0;
			};
			name = Release;
		};
		CE2E98F01EF6DEF800EB9C47 /* Debug */ = {
			isa = XCBuildConfiguration;
			buildSettings = {
				ALWAYS_EMBED_SWIFT_STANDARD_LIBRARIES = YES;
				BUNDLE_LOADER = "$(TEST_HOST)";
				DEVELOPMENT_TEAM = 74JL49Z2D8;
				INFOPLIST_FILE = TDDExampleTests/Info.plist;
				LD_RUNPATH_SEARCH_PATHS = "$(inherited) @executable_path/Frameworks @loader_path/Frameworks";
				PRODUCT_BUNDLE_IDENTIFIER = eu.inloop.TDDExampleTests;
				PRODUCT_NAME = "$(TARGET_NAME)";
				SWIFT_VERSION = 3.0;
				TEST_HOST = "$(BUILT_PRODUCTS_DIR)/TDDExample.app/TDDExample";
			};
			name = Debug;
		};
		CE2E98F11EF6DEF800EB9C47 /* Release */ = {
			isa = XCBuildConfiguration;
			buildSettings = {
				ALWAYS_EMBED_SWIFT_STANDARD_LIBRARIES = YES;
				BUNDLE_LOADER = "$(TEST_HOST)";
				DEVELOPMENT_TEAM = 74JL49Z2D8;
				INFOPLIST_FILE = TDDExampleTests/Info.plist;
				LD_RUNPATH_SEARCH_PATHS = "$(inherited) @executable_path/Frameworks @loader_path/Frameworks";
				PRODUCT_BUNDLE_IDENTIFIER = eu.inloop.TDDExampleTests;
				PRODUCT_NAME = "$(TARGET_NAME)";
				SWIFT_VERSION = 3.0;
				TEST_HOST = "$(BUILT_PRODUCTS_DIR)/TDDExample.app/TDDExample";
			};
			name = Release;
		};
		CE2E98FF1EF6E2B000EB9C47 /* Debug */ = {
			isa = XCBuildConfiguration;
			baseConfigurationReference = 309C420E471FA743B1E186DB /* Pods-TDDExampleTestsQuick.debug.xcconfig */;
			buildSettings = {
				ALWAYS_EMBED_SWIFT_STANDARD_LIBRARIES = YES;
				BUNDLE_LOADER = "$(TEST_HOST)";
				DEVELOPMENT_TEAM = 74JL49Z2D8;
				INFOPLIST_FILE = TDDExampleTestsQuick/Info.plist;
				LD_RUNPATH_SEARCH_PATHS = "$(inherited) @executable_path/Frameworks @loader_path/Frameworks";
				PRODUCT_BUNDLE_IDENTIFIER = eu.inloop.TDDExampleTestsQuick;
				PRODUCT_NAME = "$(TARGET_NAME)";
				SWIFT_VERSION = 3.0;
				TEST_HOST = "$(BUILT_PRODUCTS_DIR)/TDDExample.app/TDDExample";
			};
			name = Debug;
		};
		CE2E99001EF6E2B000EB9C47 /* Release */ = {
			isa = XCBuildConfiguration;
			baseConfigurationReference = CF2FB8E272F4E16D79DAFFCA /* Pods-TDDExampleTestsQuick.release.xcconfig */;
			buildSettings = {
				ALWAYS_EMBED_SWIFT_STANDARD_LIBRARIES = YES;
				BUNDLE_LOADER = "$(TEST_HOST)";
				DEVELOPMENT_TEAM = 74JL49Z2D8;
				INFOPLIST_FILE = TDDExampleTestsQuick/Info.plist;
				LD_RUNPATH_SEARCH_PATHS = "$(inherited) @executable_path/Frameworks @loader_path/Frameworks";
				PRODUCT_BUNDLE_IDENTIFIER = eu.inloop.TDDExampleTestsQuick;
				PRODUCT_NAME = "$(TARGET_NAME)";
				SWIFT_VERSION = 3.0;
				TEST_HOST = "$(BUILT_PRODUCTS_DIR)/TDDExample.app/TDDExample";
			};
			name = Release;
		};
/* End XCBuildConfiguration section */

/* Begin XCConfigurationList section */
		CE2E98CA1EF6DEF800EB9C47 /* Build configuration list for PBXProject "TDDExample" */ = {
			isa = XCConfigurationList;
			buildConfigurations = (
				CE2E98EA1EF6DEF800EB9C47 /* Debug */,
				CE2E98EB1EF6DEF800EB9C47 /* Release */,
			);
			defaultConfigurationIsVisible = 0;
			defaultConfigurationName = Release;
		};
		CE2E98EC1EF6DEF800EB9C47 /* Build configuration list for PBXNativeTarget "TDDExample" */ = {
			isa = XCConfigurationList;
			buildConfigurations = (
				CE2E98ED1EF6DEF800EB9C47 /* Debug */,
				CE2E98EE1EF6DEF800EB9C47 /* Release */,
			);
			defaultConfigurationIsVisible = 0;
			defaultConfigurationName = Release;
		};
		CE2E98EF1EF6DEF800EB9C47 /* Build configuration list for PBXNativeTarget "TDDExampleTests" */ = {
			isa = XCConfigurationList;
			buildConfigurations = (
				CE2E98F01EF6DEF800EB9C47 /* Debug */,
				CE2E98F11EF6DEF800EB9C47 /* Release */,
			);
			defaultConfigurationIsVisible = 0;
			defaultConfigurationName = Release;
		};
		CE2E98FE1EF6E2B000EB9C47 /* Build configuration list for PBXNativeTarget "TDDExampleTestsQuick" */ = {
			isa = XCConfigurationList;
			buildConfigurations = (
				CE2E98FF1EF6E2B000EB9C47 /* Debug */,
				CE2E99001EF6E2B000EB9C47 /* Release */,
			);
			defaultConfigurationIsVisible = 0;
			defaultConfigurationName = Release;
		};
/* End XCConfigurationList section */
	};
	rootObject = CE2E98C71EF6DEF800EB9C47 /* Project object */;
}
